
Microsoft Visual Studio Solution File, Format Version 12.00
# Visual Studio 15
VisualStudioVersion = 15.0.27130.2036
MinimumVisualStudioVersion = 10.0.40219.1
Project("{FAE04EC0-301F-11D3-BF4B-00C04F79EFBC}") = "EWUS_Expertdatabase.Data", "EWUS_Expertdatabase.Data\EWUS_Expertdatabase.Data.csproj", "{15C60774-C140-4B26-8E10-62AD14876272}"
EndProject
Project("{FAE04EC0-301F-11D3-BF4B-00C04F79EFBC}") = "EWUS_Expertdatabase.Model", "EWUS_Expertdatabase.Model\EWUS_Expertdatabase.Model.csproj", "{93C15C64-506C-4E5B-8023-F7E168B3F6C5}"
EndProject
Project("{FAE04EC0-301F-11D3-BF4B-00C04F79EFBC}") = "EWUS_Expertdatabase.Common", "EWUS_Expertdatabase.Common\EWUS_Expertdatabase.Common.csproj", "{03FA8CCA-07F6-43B9-BEC5-EE9030977B18}"
EndProject
Project("{FAE04EC0-301F-11D3-BF4B-00C04F79EFBC}") = "EWUS_Expertdatabase.Business", "EWUS_Expertdatabase.Business\EWUS_Expertdatabase.Business.csproj", "{CEABB668-9877-4974-AC1F-FCE9FCB1DD4D}"
EndProject
Project("{FAE04EC0-301F-11D3-BF4B-00C04F79EFBC}") = "EWUS_Expertdatabase.Web.Client", "EWUS_Expertdatabase.Web.Client\EWUS_Expertdatabase.Web.Client.csproj", "{AA615531-D181-4540-82BF-B1DD04D6DA87}"
EndProject
Global
	GlobalSection(SolutionConfigurationPlatforms) = preSolution
		Debug|Any CPU = Debug|Any CPU
		Release|Any CPU = Release|Any CPU
	EndGlobalSection
	GlobalSection(ProjectConfigurationPlatforms) = postSolution
		{15C60774-C140-4B26-8E10-62AD14876272}.Debug|Any CPU.ActiveCfg = Debug|Any CPU
		{15C60774-C140-4B26-8E10-62AD14876272}.Debug|Any CPU.Build.0 = Debug|Any CPU
		{15C60774-C140-4B26-8E10-62AD14876272}.Release|Any CPU.ActiveCfg = Release|Any CPU
		{15C60774-C140-4B26-8E10-62AD14876272}.Release|Any CPU.Build.0 = Release|Any CPU
		{93C15C64-506C-4E5B-8023-F7E168B3F6C5}.Debug|Any CPU.ActiveCfg = Debug|Any CPU
		{93C15C64-506C-4E5B-8023-F7E168B3F6C5}.Debug|Any CPU.Build.0 = Debug|Any CPU
		{93C15C64-506C-4E5B-8023-F7E168B3F6C5}.Release|Any CPU.ActiveCfg = Release|Any CPU
		{93C15C64-506C-4E5B-8023-F7E168B3F6C5}.Release|Any CPU.Build.0 = Release|Any CPU
		{03FA8CCA-07F6-43B9-BEC5-EE9030977B18}.Debug|Any CPU.ActiveCfg = Debug|Any CPU
		{03FA8CCA-07F6-43B9-BEC5-EE9030977B18}.Debug|Any CPU.Build.0 = Debug|Any CPU
		{03FA8CCA-07F6-43B9-BEC5-EE9030977B18}.Release|Any CPU.ActiveCfg = Release|Any CPU
		{03FA8CCA-07F6-43B9-BEC5-EE9030977B18}.Release|Any CPU.Build.0 = Release|Any CPU
		{CEABB668-9877-4974-AC1F-FCE9FCB1DD4D}.Debug|Any CPU.ActiveCfg = Debug|Any CPU
		{CEABB668-9877-4974-AC1F-FCE9FCB1DD4D}.Debug|Any CPU.Build.0 = Debug|Any CPU
		{CEABB668-9877-4974-AC1F-FCE9FCB1DD4D}.Release|Any CPU.ActiveCfg = Release|Any CPU
		{CEABB668-9877-4974-AC1F-FCE9FCB1DD4D}.Release|Any CPU.Build.0 = Release|Any CPU
		{AA615531-D181-4540-82BF-B1DD04D6DA87}.Debug|Any CPU.ActiveCfg = Debug|Any CPU
		{AA615531-D181-4540-82BF-B1DD04D6DA87}.Debug|Any CPU.Build.0 = Debug|Any CPU
		{AA615531-D181-4540-82BF-B1DD04D6DA87}.Release|Any CPU.ActiveCfg = Release|Any CPU
		{AA615531-D181-4540-82BF-B1DD04D6DA87}.Release|Any CPU.Build.0 = Release|Any CPU
	EndGlobalSection
	GlobalSection(SolutionProperties) = preSolution
		HideSolutionNode = FALSE
	EndGlobalSection
	GlobalSection(ExtensibilityGlobals) = postSolution
		SolutionGuid = {4C2A3CBD-6D6A-426B-90D6-835AD4653382}
	EndGlobalSection
	GlobalSection(TeamFoundationVersionControl) = preSolution
		SccNumberOfProjects = 6
		SccEnterpriseProvider = {4CA58AB2-18FA-4F8D-95D4-32DDF27D184C}
		SccTeamFoundationServer = http://beograd:8080/tfs/defaultcollection
		SccLocalPath0 = .
		SccProjectUniqueName1 = EWUS_Expertdatabase.Data\\EWUS_Expertdatabase.Data.csproj
		SccProjectName1 = EWUS_Expertdatabase.Data
		SccLocalPath1 = EWUS_Expertdatabase.Data
		SccProjectUniqueName2 = EWUS_Expertdatabase.Model\\EWUS_Expertdatabase.Model.csproj
		SccProjectName2 = EWUS_Expertdatabase.Model
		SccLocalPath2 = EWUS_Expertdatabase.Model
		SccProjectUniqueName3 = EWUS_Expertdatabase.Common\\EWUS_Expertdatabase.Common.csproj
		SccProjectName3 = EWUS_Expertdatabase.Common
		SccLocalPath3 = EWUS_Expertdatabase.Common
		SccProjectUniqueName4 = EWUS_Expertdatabase.Business\\EWUS_Expertdatabase.Business.csproj
		SccProjectName4 = EWUS_Expertdatabase.Business
		SccLocalPath4 = EWUS_Expertdatabase.Business
		SccProjectUniqueName5 = EWUS_Expertdatabase.Web.Client\\EWUS_Expertdatabase.Web.Client.csproj
		SccProjectName5 = EWUS_Expertdatabase.Web.Client
		SccLocalPath5 = EWUS_Expertdatabase.Web.Client
	EndGlobalSection
EndGlobal
